
Microsoft Visual Studio Solution File, Format Version 12.00
# Visual Studio Version 16
VisualStudioVersion = 16.0.30320.27
MinimumVisualStudioVersion = 10.0.40219.1
Project("{9A19103F-16F7-4668-BE54-9A1E7A4F7556}") = "UdemyDating.API", "UdemyDating.API.csproj", "{982C0C77-3CA1-436C-824F-40421D44B759}"
EndProject
Project("{E24C65DC-7377-472B-9ABA-BC803B73C61A}") = "UdemyDating-SPA", "..\UdemyDating-SPA\", "{5D8575DA-E8DE-492F-B70D-7C3DFEB360BF}"
	ProjectSection(WebsiteProperties) = preProject
		TargetFrameworkMoniker = ".NETFramework,Version%3Dv4.0"
		Debug.AspNetCompiler.VirtualPath = "/localhost_59995"
		Debug.AspNetCompiler.PhysicalPath = "..\UdemyDating-SPA\"
		Debug.AspNetCompiler.TargetPath = "PrecompiledWeb\localhost_59995\"
		Debug.AspNetCompiler.Updateable = "true"
		Debug.AspNetCompiler.ForceOverwrite = "true"
		Debug.AspNetCompiler.FixedNames = "false"
		Debug.AspNetCompiler.Debug = "True"
		Release.AspNetCompiler.VirtualPath = "/localhost_59995"
		Release.AspNetCompiler.PhysicalPath = "..\UdemyDating-SPA\"
		Release.AspNetCompiler.TargetPath = "PrecompiledWeb\localhost_59995\"
		Release.AspNetCompiler.Updateable = "true"
		Release.AspNetCompiler.ForceOverwrite = "true"
		Release.AspNetCompiler.FixedNames = "false"
		Release.AspNetCompiler.Debug = "False"
		VWDPort = "59995"
	EndProjectSection
EndProject
Global
	GlobalSection(SolutionConfigurationPlatforms) = preSolution
		Debug|Any CPU = Debug|Any CPU
		Release|Any CPU = Release|Any CPU
	EndGlobalSection
	GlobalSection(ProjectConfigurationPlatforms) = postSolution
		{982C0C77-3CA1-436C-824F-40421D44B759}.Debug|Any CPU.ActiveCfg = Debug|Any CPU
		{982C0C77-3CA1-436C-824F-40421D44B759}.Debug|Any CPU.Build.0 = Debug|Any CPU
		{982C0C77-3CA1-436C-824F-40421D44B759}.Release|Any CPU.ActiveCfg = Release|Any CPU
		{982C0C77-3CA1-436C-824F-40421D44B759}.Release|Any CPU.Build.0 = Release|Any CPU
		{5D8575DA-E8DE-492F-B70D-7C3DFEB360BF}.Debug|Any CPU.ActiveCfg = Debug|Any CPU
		{5D8575DA-E8DE-492F-B70D-7C3DFEB360BF}.Debug|Any CPU.Build.0 = Debug|Any CPU
		{5D8575DA-E8DE-492F-B70D-7C3DFEB360BF}.Release|Any CPU.ActiveCfg = Debug|Any CPU
		{5D8575DA-E8DE-492F-B70D-7C3DFEB360BF}.Release|Any CPU.Build.0 = Debug|Any CPU
	EndGlobalSection
	GlobalSection(SolutionProperties) = preSolution
		HideSolutionNode = FALSE
	EndGlobalSection
	GlobalSection(ExtensibilityGlobals) = postSolution
		SolutionGuid = {44C3D944-AE01-4EB7-9579-7CCED3FAA942}
	EndGlobalSection
EndGlobal
